
Microsoft Visual Studio Solution File, Format Version 12.00
# Visual Studio Version 16
VisualStudioVersion = 16.0.30907.101
MinimumVisualStudioVersion = 10.0.40219.1
Project("{9A19103F-16F7-4668-BE54-9A1E7A4F7556}") = "QIIK.API", "QIIK.API\QIIK.API.csproj", "{ACDEE723-B102-4FC3-B151-41A9566E5879}"
EndProject
Project("{9A19103F-16F7-4668-BE54-9A1E7A4F7556}") = "QIIK.DAO", "QIIK.DAO\QIIK.DAO.csproj", "{A0741DB5-5B71-43A1-BB30-FA5FA37E2B00}"
EndProject
Project("{9A19103F-16F7-4668-BE54-9A1E7A4F7556}") = "QIIK.Interface", "QIIK.Interface\QIIK.Interface.csproj", "{46B10758-C439-4096-83C8-C8EA138349EE}"
EndProject
Project("{9A19103F-16F7-4668-BE54-9A1E7A4F7556}") = "QIIK.DTO", "QIIK.DTO\QIIK.DTO.csproj", "{16E55227-4A69-4202-BB51-8ACAA31232A7}"
EndProject
Project("{FAE04EC0-301F-11D3-BF4B-00C04F79EFBC}") = "QIIK.Tests", "QIIK.Tests\QIIK.Tests.csproj", "{38B989B8-B69B-4506-A495-2AC06EB1A3F3}"
EndProject
Global
	GlobalSection(SolutionConfigurationPlatforms) = preSolution
		Debug|Any CPU = Debug|Any CPU
		Release|Any CPU = Release|Any CPU
	EndGlobalSection
	GlobalSection(ProjectConfigurationPlatforms) = postSolution
		{ACDEE723-B102-4FC3-B151-41A9566E5879}.Debug|Any CPU.ActiveCfg = Debug|Any CPU
		{ACDEE723-B102-4FC3-B151-41A9566E5879}.Debug|Any CPU.Build.0 = Debug|Any CPU
		{ACDEE723-B102-4FC3-B151-41A9566E5879}.Release|Any CPU.ActiveCfg = Release|Any CPU
		{ACDEE723-B102-4FC3-B151-41A9566E5879}.Release|Any CPU.Build.0 = Release|Any CPU
		{A0741DB5-5B71-43A1-BB30-FA5FA37E2B00}.Debug|Any CPU.ActiveCfg = Debug|Any CPU
		{A0741DB5-5B71-43A1-BB30-FA5FA37E2B00}.Debug|Any CPU.Build.0 = Debug|Any CPU
		{A0741DB5-5B71-43A1-BB30-FA5FA37E2B00}.Release|Any CPU.ActiveCfg = Release|Any CPU
		{A0741DB5-5B71-43A1-BB30-FA5FA37E2B00}.Release|Any CPU.Build.0 = Release|Any CPU
		{46B10758-C439-4096-83C8-C8EA138349EE}.Debug|Any CPU.ActiveCfg = Debug|Any CPU
		{46B10758-C439-4096-83C8-C8EA138349EE}.Debug|Any CPU.Build.0 = Debug|Any CPU
		{46B10758-C439-4096-83C8-C8EA138349EE}.Release|Any CPU.ActiveCfg = Release|Any CPU
		{46B10758-C439-4096-83C8-C8EA138349EE}.Release|Any CPU.Build.0 = Release|Any CPU
		{16E55227-4A69-4202-BB51-8ACAA31232A7}.Debug|Any CPU.ActiveCfg = Debug|Any CPU
		{16E55227-4A69-4202-BB51-8ACAA31232A7}.Debug|Any CPU.Build.0 = Debug|Any CPU
		{16E55227-4A69-4202-BB51-8ACAA31232A7}.Release|Any CPU.ActiveCfg = Release|Any CPU
		{16E55227-4A69-4202-BB51-8ACAA31232A7}.Release|Any CPU.Build.0 = Release|Any CPU
		{38B989B8-B69B-4506-A495-2AC06EB1A3F3}.Debug|Any CPU.ActiveCfg = Debug|Any CPU
		{38B989B8-B69B-4506-A495-2AC06EB1A3F3}.Debug|Any CPU.Build.0 = Debug|Any CPU
		{38B989B8-B69B-4506-A495-2AC06EB1A3F3}.Release|Any CPU.ActiveCfg = Release|Any CPU
		{38B989B8-B69B-4506-A495-2AC06EB1A3F3}.Release|Any CPU.Build.0 = Release|Any CPU
	EndGlobalSection
	GlobalSection(SolutionProperties) = preSolution
		HideSolutionNode = FALSE
	EndGlobalSection
	GlobalSection(ExtensibilityGlobals) = postSolution
		SolutionGuid = {8C815350-35F1-4E84-ABCA-5426F69F58D9}
	EndGlobalSection
EndGlobal
